<?xml version="1.0" encoding="utf-8"?>
<Project ToolsVersion="4.0" xmlns="http://schemas.microsoft.com/developer/msbuild/2003">
  <ItemGroup>
    <ClInclude Include="include\Row.h" />
    <ClInclude Include="include\CSVReader.h" />
    <ClInclude Include="include\GDefines.h" />
    <ClInclude Include="include\DirManager.h" />
    <ClInclude Include="include\Table.h" />
  </ItemGroup>
  <ItemGroup>
    <ClCompile Include="src\CSVReader.cpp" />
    <ClCompile Include="src\DirManager.cpp" />
    <ClCompile Include="src\Table.cpp" />
  </ItemGroup>
</Project>