<?xml version="1.0" encoding="utf-8"?>
<Project ToolsVersion="4.0" xmlns="http://schemas.microsoft.com/developer/msbuild/2003">
  <ItemGroup>
    <ClInclude Include="src\Common\GlobalDefines.h" />
    <ClInclude Include="src\Data Structures\Buffer.h" />
    <ClInclude Include="src\Data Structures\Image.h" />
    <ClInclude Include="src\Data Structures\TDataTypes.h" />
    <ClInclude Include="src\Common\Rect.h" />
    <ClInclude Include="src\Common\Point.h" />
    <ClInclude Include="src\Common\ColorConverterGeneric.h" />
  </ItemGroup>
  <ItemGroup>
    <ClCompile Include="src\Data Structures\Buffer.cpp" />
    <ClCompile Include="src\Data Structures\Image.cpp" />
    <ClCompile Include="src\Entry Point\Main.cpp" />
    <ClCompile Include="src\Entry Point\EntryPoint.cpp" />
    <ClCompile Include="src\Entry Point\EntryPointPenLibTest.cpp" />
    <ClCompile Include="src\Entry Point\RecursiveBF.cpp" />
    <ClCompile Include="src\Entry Point\TestClutering.cpp" />
    <ClCompile Include="src\Entry Point\EdgeDetectionMain.cpp" />
    <ClCompile Include="src\Entry Point\SDataExtraction.cpp" />
  </ItemGroup>
</Project>